
Microsoft Visual Studio Solution File, Format Version 12.00
# Visual Studio Version 17
VisualStudioVersion = 17.9.34723.18
MinimumVisualStudioVersion = 10.0.40219.1
Project("{FAE04EC0-301F-11D3-BF4B-00C04F79EFBC}") = "OlosAgentSDK", "OlosAgentSDK.csproj", "{D461CA8E-BBA8-4BDE-A3A9-61B15E931513}"
EndProject
Global
	GlobalSection(SolutionConfigurationPlatforms) = preSolution
		Debug|Any CPU = Debug|Any CPU
		Release|Any CPU = Release|Any CPU
	EndGlobalSection
	GlobalSection(ProjectConfigurationPlatforms) = postSolution
		{D461CA8E-BBA8-4BDE-A3A9-61B15E931513}.Debug|Any CPU.ActiveCfg = Debug|Any CPU
		{D461CA8E-BBA8-4BDE-A3A9-61B15E931513}.Debug|Any CPU.Build.0 = Debug|Any CPU
		{D461CA8E-BBA8-4BDE-A3A9-61B15E931513}.Release|Any CPU.ActiveCfg = Release|Any CPU
		{D461CA8E-BBA8-4BDE-A3A9-61B15E931513}.Release|Any CPU.Build.0 = Release|Any CPU
	EndGlobalSection
	GlobalSection(SolutionProperties) = preSolution
		HideSolutionNode = FALSE
	EndGlobalSection
	GlobalSection(ExtensibilityGlobals) = postSolution
		SolutionGuid = {97B427C0-836F-48CF-A34C-8357FDF3951E}
	EndGlobalSection
EndGlobal
